
Microsoft Visual Studio Solution File, Format Version 12.00
# Visual Studio Version 17
VisualStudioVersion = 17.2.32516.85
MinimumVisualStudioVersion = 10.0.40219.1
Project("{FAE04EC0-301F-11D3-BF4B-00C04F79EFBC}") = "UniversalGameLauncher", "UniversalGameLauncher\UniversalGameLauncher.csproj", "{D5CDEFF1-8769-44FC-A036-707F1E058CDF}"
EndProject
Global
	GlobalSection(SolutionConfigurationPlatforms) = preSolution
		Debug|Any CPU = Debug|Any CPU
		Release|Any CPU = Release|Any CPU
	EndGlobalSection
	GlobalSection(ProjectConfigurationPlatforms) = postSolution
		{D5CDEFF1-8769-44FC-A036-707F1E058CDF}.Debug|Any CPU.ActiveCfg = Debug|Any CPU
		{D5CDEFF1-8769-44FC-A036-707F1E058CDF}.Debug|Any CPU.Build.0 = Debug|Any CPU
		{D5CDEFF1-8769-44FC-A036-707F1E058CDF}.Release|Any CPU.ActiveCfg = Release|Any CPU
		{D5CDEFF1-8769-44FC-A036-707F1E058CDF}.Release|Any CPU.Build.0 = Release|Any CPU
	EndGlobalSection
	GlobalSection(SolutionProperties) = preSolution
		HideSolutionNode = FALSE
	EndGlobalSection
	GlobalSection(ExtensibilityGlobals) = postSolution
		SolutionGuid = {F097CF2D-B21B-492D-BAA9-EA672C16CE06}
	EndGlobalSection
EndGlobal
